# This file is autogenerated, do not edit; changes may be undone by the next 'dep ensure'.


[[projects]]
  branch = "v1"
  name = "github.com/jarcoal/httpmock"
  packages = ["."]
  revision = "cf52904a3cf0f78f199ecade6a6df8e245d5b25a"

[solve-meta]
  analyzer-name = "dep"
  analyzer-version = 1
  inputs-digest = "007f2305ddd0cb4978d2a9fc6016a919a0148639379e4a62d815a659a8dde19c"
  solver-name = "gps-cdcl"
  solver-version = 1
